
Microsoft Visual Studio Solution File, Format Version 12.00
# Visual Studio 2012
Project("{FAE04EC0-301F-11D3-BF4B-00C04F79EFBC}") = "SpecFlow2degrees", "SpecFlow2degrees\SpecFlow2degrees.csproj", "{3403486E-82A2-4C85-89D3-79D285B94AE6}"
EndProject
Global
	GlobalSection(SolutionConfigurationPlatforms) = preSolution
		Debug|Any CPU = Debug|Any CPU
		Release|Any CPU = Release|Any CPU
	EndGlobalSection
	GlobalSection(ProjectConfigurationPlatforms) = postSolution
		{3403486E-82A2-4C85-89D3-79D285B94AE6}.Debug|Any CPU.ActiveCfg = Debug|Any CPU
		{3403486E-82A2-4C85-89D3-79D285B94AE6}.Debug|Any CPU.Build.0 = Debug|Any CPU
		{3403486E-82A2-4C85-89D3-79D285B94AE6}.Release|Any CPU.ActiveCfg = Release|Any CPU
		{3403486E-82A2-4C85-89D3-79D285B94AE6}.Release|Any CPU.Build.0 = Release|Any CPU
	EndGlobalSection
	GlobalSection(SolutionProperties) = preSolution
		HideSolutionNode = FALSE
	EndGlobalSection
EndGlobal
